version = 1
revision = 2
requires-python = ">=3.13"

[[package]]
name = "pygame-ce"
version = "2.5.5"
source = { registry = "https://pypi.org/simple" }
sdist = { url = "https://files.pythonhosted.org/packages/c9/be/af69521e694442dbde5db29069953f25367ddacaa50d9ae644745853d37c/pygame_ce-2.5.5.tar.gz", hash = "sha256:a7f297c223c6e35f16d65d47a19757005763ea7e90795ccc37c0bc562364ae6b", size = 5821935, upload-time = "2025-06-07T07:33:03.501Z" }
wheels = [
    { url = "https://files.pythonhosted.org/packages/13/d6/b72511c35d3c3ed07072cee07a1dea34e950375a225d181276c4b2316d3a/pygame_ce-2.5.5-cp313-cp313-macosx_10_13_x86_64.whl", hash = "sha256:32008bef532318c7f8d97fb087a16b44c0d5140969963b6afbf0f9521d18f3dc", size = 12403252, upload-time = "2025-06-07T07:32:00.325Z" },
    { url = "https://files.pythonhosted.org/packages/5d/0e/23b4ea53172d8841cfaee5b5274581b2b7fa96426e6029dda0e37b369f86/pygame_ce-2.5.5-cp313-cp313-macosx_11_0_arm64.whl", hash = "sha256:00004956921641d9dc7e628be77ea7f23333b839e48ec981704b6516537bd67f", size = 11654505, upload-time = "2025-06-07T07:32:02.91Z" },
    { url = "https://files.pythonhosted.org/packages/5c/95/a58928af657fbba391d1691ce66f2afede3e8c65cb021b42e4488f6fd490/pygame_ce-2.5.5-cp313-cp313-manylinux_2_17_aarch64.manylinux2014_aarch64.whl", hash = "sha256:255efe334dc69a78c3b7986b9c893ef86cead5aaf8c61cb6990949b4fca84142", size = 12286043, upload-time = "2025-06-07T07:32:05.147Z" },
    { url = "https://files.pythonhosted.org/packages/5a/61/499b2d078c62c9b91a6ccd2e63805ac884e1715d307d083e54bbbd75a24d/pygame_ce-2.5.5-cp313-cp313-manylinux_2_17_i686.manylinux2014_i686.whl", hash = "sha256:c4b90f01d3ae8ae0f84361480531323bbd06e10be75f4e67478b999b43f8a1f9", size = 12821547, upload-time = "2025-06-07T07:32:07.347Z" },
    { url = "https://files.pythonhosted.org/packages/d7/19/7f9a37b7ff55dc34a8f727b86b89800a1fdb4b1436e601dea66f89764472/pygame_ce-2.5.5-cp313-cp313-manylinux_2_17_x86_64.manylinux2014_x86_64.whl", hash = "sha256:e37bfd4545fb057ce24d06e13d1262989ca0ece3b12010c585130607e3c2bbf8", size = 12463330, upload-time = "2025-06-07T07:32:10.136Z" },
    { url = "https://files.pythonhosted.org/packages/fa/f5/5ad50c34f042bbc135312cd75d86d156bf18f54b72ae8947498acbda8cbd/pygame_ce-2.5.5-cp313-cp313-win32.whl", hash = "sha256:476a1b56b19f5023ddd0512716f11c413c3587b93dfd4aebd40869f261d3b8b7", size = 9799763, upload-time = "2025-06-07T07:32:12.332Z" },
    { url = "https://files.pythonhosted.org/packages/a8/88/89cfcaf55c8ccab5a2d59f206bf7b7d4336c4b27d9b63531a0e274cac817/pygame_ce-2.5.5-cp313-cp313-win_amd64.whl", hash = "sha256:8568fab6d43e23ca209fb860f7d387f2f89bd4047a4fa617ed0951fd9739109c", size = 10376053, upload-time = "2025-06-07T07:32:14.526Z" },
]

[[package]]
name = "pygame-project"
version = "0.1.0"
source = { virtual = "." }
dependencies = [
    { name = "pygame-ce" },
]

[package.metadata]
requires-dist = [{ name = "pygame-ce", specifier = ">=2.5.5" }]
